
Microsoft Visual Studio Solution File, Format Version 12.00
Project("{2150E333-8FDC-42A3-9474-1A3956D46DE8}") = "src", "src", "{E90534A0-E35F-482B-AAE7-82B2191E7D16}"
EndProject
Project("{FAE04EC0-301F-11D3-BF4B-00C04F79EFBC}") = "OnlineShop.API", "OnlineShop.API\OnlineShop.API.csproj", "{64BA4143-024B-4355-AFF2-550530EA5747}"
EndProject
Project("{FAE04EC0-301F-11D3-BF4B-00C04F79EFBC}") = "OnlineShop.Infrastructure", "OnlineShop.Infrastructure\OnlineShop.Infrastructure.csproj", "{81BE11AD-2534-4BDF-85CA-3087412886D8}"
EndProject
Project("{FAE04EC0-301F-11D3-BF4B-00C04F79EFBC}") = "OnlineShop.Domain", "OnlineShop.Domain\OnlineShop.Domain.csproj", "{5D59DC89-4F70-4E18-9DA3-6DE6A8BC9F89}"
EndProject
Global
	GlobalSection(SolutionConfigurationPlatforms) = preSolution
		Debug|Any CPU = Debug|Any CPU
		Release|Any CPU = Release|Any CPU
	EndGlobalSection
	GlobalSection(ProjectConfigurationPlatforms) = postSolution
		{64BA4143-024B-4355-AFF2-550530EA5747}.Debug|Any CPU.ActiveCfg = Debug|Any CPU
		{64BA4143-024B-4355-AFF2-550530EA5747}.Debug|Any CPU.Build.0 = Debug|Any CPU
		{64BA4143-024B-4355-AFF2-550530EA5747}.Release|Any CPU.ActiveCfg = Release|Any CPU
		{64BA4143-024B-4355-AFF2-550530EA5747}.Release|Any CPU.Build.0 = Release|Any CPU
		{81BE11AD-2534-4BDF-85CA-3087412886D8}.Debug|Any CPU.ActiveCfg = Debug|Any CPU
		{81BE11AD-2534-4BDF-85CA-3087412886D8}.Debug|Any CPU.Build.0 = Debug|Any CPU
		{81BE11AD-2534-4BDF-85CA-3087412886D8}.Release|Any CPU.ActiveCfg = Release|Any CPU
		{81BE11AD-2534-4BDF-85CA-3087412886D8}.Release|Any CPU.Build.0 = Release|Any CPU
		{5D59DC89-4F70-4E18-9DA3-6DE6A8BC9F89}.Debug|Any CPU.ActiveCfg = Debug|Any CPU
		{5D59DC89-4F70-4E18-9DA3-6DE6A8BC9F89}.Debug|Any CPU.Build.0 = Debug|Any CPU
		{5D59DC89-4F70-4E18-9DA3-6DE6A8BC9F89}.Release|Any CPU.ActiveCfg = Release|Any CPU
		{5D59DC89-4F70-4E18-9DA3-6DE6A8BC9F89}.Release|Any CPU.Build.0 = Release|Any CPU
	EndGlobalSection
	GlobalSection(NestedProjects) = preSolution
		{64BA4143-024B-4355-AFF2-550530EA5747} = {E90534A0-E35F-482B-AAE7-82B2191E7D16}
		{81BE11AD-2534-4BDF-85CA-3087412886D8} = {E90534A0-E35F-482B-AAE7-82B2191E7D16}
		{5D59DC89-4F70-4E18-9DA3-6DE6A8BC9F89} = {E90534A0-E35F-482B-AAE7-82B2191E7D16}
	EndGlobalSection
EndGlobal
